
Microsoft Visual Studio Solution File, Format Version 12.00
# Visual Studio 15
VisualStudioVersion = 15.0.28010.2036
MinimumVisualStudioVersion = 10.0.40219.1
Project("{FAE04EC0-301F-11D3-BF4B-00C04F79EFBC}") = "IIQRestAPI", "IIQRestAPI\IIQRestAPI.csproj", "{0B5A5527-A1F0-4E4A-89A7-0C454891FEC5}"
EndProject
Project("{FAE04EC0-301F-11D3-BF4B-00C04F79EFBC}") = "RestClientLibrary", "RestClientLibrary\RestClientLibrary.csproj", "{6156DF26-E21F-4B0F-8511-E900295821F6}"
EndProject
Global
	GlobalSection(SolutionConfigurationPlatforms) = preSolution
		Debug|Any CPU = Debug|Any CPU
		Release|Any CPU = Release|Any CPU
	EndGlobalSection
	GlobalSection(ProjectConfigurationPlatforms) = postSolution
		{0B5A5527-A1F0-4E4A-89A7-0C454891FEC5}.Debug|Any CPU.ActiveCfg = Debug|Any CPU
		{0B5A5527-A1F0-4E4A-89A7-0C454891FEC5}.Debug|Any CPU.Build.0 = Debug|Any CPU
		{0B5A5527-A1F0-4E4A-89A7-0C454891FEC5}.Release|Any CPU.ActiveCfg = Release|Any CPU
		{0B5A5527-A1F0-4E4A-89A7-0C454891FEC5}.Release|Any CPU.Build.0 = Release|Any CPU
		{6156DF26-E21F-4B0F-8511-E900295821F6}.Debug|Any CPU.ActiveCfg = Debug|Any CPU
		{6156DF26-E21F-4B0F-8511-E900295821F6}.Debug|Any CPU.Build.0 = Debug|Any CPU
		{6156DF26-E21F-4B0F-8511-E900295821F6}.Release|Any CPU.ActiveCfg = Release|Any CPU
		{6156DF26-E21F-4B0F-8511-E900295821F6}.Release|Any CPU.Build.0 = Release|Any CPU
	EndGlobalSection
	GlobalSection(SolutionProperties) = preSolution
		HideSolutionNode = FALSE
	EndGlobalSection
	GlobalSection(ExtensibilityGlobals) = postSolution
		SolutionGuid = {E7AA566D-B2A0-4832-A90F-EEF63DABBFD3}
	EndGlobalSection
EndGlobal
